{
    "requires": true,
    "lockfileVersion": 1,
    "dependencies": {

        "gitbook-plugin-language-selected": {
            "version": "0.0.3",
            "resolved": "https://registry.npmjs.org/gitbook-plugin-language-selected/-/gitbook-plugin-language-selected-0.0.3.tgz",
            "integrity": "sha512-a0fRdvaJ4ndPrzckKcL0HXxRguHDZlr9iHBPUHbsMM4480+JoT1kZjcmEV8pCXXyclk8MraS9fRUBFffpVhG7w=="
        }
    }
}